
Microsoft Visual Studio Solution File, Format Version 12.00
# Visual Studio Version 17
VisualStudioVersion = 17.9.34902.65
MinimumVisualStudioVersion = 10.0.40219.1
Project("{F184B08F-C81C-45F6-A57F-5ABD9991F28F}") = "WindowsApp17", "WindowsApp17.vbproj", "{3F8252B0-CE5C-449A-A5F2-48E4E099CA59}"
EndProject
Global
	GlobalSection(SolutionConfigurationPlatforms) = preSolution
		Debug|Any CPU = Debug|Any CPU
		Release|Any CPU = Release|Any CPU
	EndGlobalSection
	GlobalSection(ProjectConfigurationPlatforms) = postSolution
		{3F8252B0-CE5C-449A-A5F2-48E4E099CA59}.Debug|Any CPU.ActiveCfg = Debug|Any CPU
		{3F8252B0-CE5C-449A-A5F2-48E4E099CA59}.Debug|Any CPU.Build.0 = Debug|Any CPU
		{3F8252B0-CE5C-449A-A5F2-48E4E099CA59}.Release|Any CPU.ActiveCfg = Release|Any CPU
		{3F8252B0-CE5C-449A-A5F2-48E4E099CA59}.Release|Any CPU.Build.0 = Release|Any CPU
	EndGlobalSection
	GlobalSection(SolutionProperties) = preSolution
		HideSolutionNode = FALSE
	EndGlobalSection
	GlobalSection(ExtensibilityGlobals) = postSolution
		SolutionGuid = {923FC00A-E905-4574-AFC7-461B98C39155}
	EndGlobalSection
EndGlobal
