
Microsoft Visual Studio Solution File, Format Version 12.00
# Visual Studio Version 17
VisualStudioVersion = 17.9.34902.65
MinimumVisualStudioVersion = 10.0.40219.1
Project("{F184B08F-C81C-45F6-A57F-5ABD9991F28F}") = "WindowsApp7", "WindowsApp7.vbproj", "{9A5C6F2E-ABA1-4E96-BC37-FF6BC78D9F33}"
EndProject
Global
	GlobalSection(SolutionConfigurationPlatforms) = preSolution
		Debug|Any CPU = Debug|Any CPU
		Release|Any CPU = Release|Any CPU
	EndGlobalSection
	GlobalSection(ProjectConfigurationPlatforms) = postSolution
		{9A5C6F2E-ABA1-4E96-BC37-FF6BC78D9F33}.Debug|Any CPU.ActiveCfg = Debug|Any CPU
		{9A5C6F2E-ABA1-4E96-BC37-FF6BC78D9F33}.Debug|Any CPU.Build.0 = Debug|Any CPU
		{9A5C6F2E-ABA1-4E96-BC37-FF6BC78D9F33}.Release|Any CPU.ActiveCfg = Release|Any CPU
		{9A5C6F2E-ABA1-4E96-BC37-FF6BC78D9F33}.Release|Any CPU.Build.0 = Release|Any CPU
	EndGlobalSection
	GlobalSection(SolutionProperties) = preSolution
		HideSolutionNode = FALSE
	EndGlobalSection
	GlobalSection(ExtensibilityGlobals) = postSolution
		SolutionGuid = {2A0CC00A-5B35-4B0D-8FEF-AEE8E79DC63E}
	EndGlobalSection
EndGlobal
